PODS:
  - Flutter (1.0.0)
  - "geolocator (5.3.2+2)":
    - Flutter
  - "location_permissions (3.0.0+1)":
    - Flutter
  - "permission_handler (5.1.0+2)":
    - Flutter

DEPENDENCIES:
  - Flutter (from `Flutter`)
  - geolocator (from `.symlinks/plugins/geolocator/ios`)
  - location_permissions (from `.symlinks/plugins/location_permissions/ios`)
  - permission_handler (from `.symlinks/plugins/permission_handler/ios`)

EXTERNAL SOURCES:
  Flutter:
    :path: Flutter
  geolocator:
    :path: ".symlinks/plugins/geolocator/ios"
  location_permissions:
    :path: ".symlinks/plugins/location_permissions/ios"
  permission_handler:
    :path: ".symlinks/plugins/permission_handler/ios"

SPEC CHECKSUMS:
  Flutter: f04841e97a9d0b0a8025694d0796dd46242b2854
  geolocator: f7622e0e7e2a24718285b73916d60c4a54b9f5b6
  location_permissions: 7e0f9aa0f60deb8ff93ddf0e2a164c7e8197bc94
  permission_handler: ccb20a9fad0ee9b1314a52b70b76b473c5f8dab0

PODFILE CHECKSUM: 7da4f3bf945d73babd0ec7eb62d3aaa309667bbc

COCOAPODS: 1.11.3
